
Microsoft Visual Studio Solution File, Format Version 12.00
# Visual Studio 15
VisualStudioVersion = 15.0.28307.902
MinimumVisualStudioVersion = 10.0.40219.1
Project("{FAE04EC0-301F-11D3-BF4B-00C04F79EFBC}") = "ParkGeekAPI", "ParkGeekAPI\ParkGeekAPI.csproj", "{16C219E1-FD58-4E32-9492-2932BFF2B5B5}"
EndProject
Global
	GlobalSection(SolutionConfigurationPlatforms) = preSolution
		Debug|Any CPU = Debug|Any CPU
		Release|Any CPU = Release|Any CPU
	EndGlobalSection
	GlobalSection(ProjectConfigurationPlatforms) = postSolution
		{16C219E1-FD58-4E32-9492-2932BFF2B5B5}.Debug|Any CPU.ActiveCfg = Debug|Any CPU
		{16C219E1-FD58-4E32-9492-2932BFF2B5B5}.Debug|Any CPU.Build.0 = Debug|Any CPU
		{16C219E1-FD58-4E32-9492-2932BFF2B5B5}.Release|Any CPU.ActiveCfg = Release|Any CPU
		{16C219E1-FD58-4E32-9492-2932BFF2B5B5}.Release|Any CPU.Build.0 = Release|Any CPU
	EndGlobalSection
	GlobalSection(SolutionProperties) = preSolution
		HideSolutionNode = FALSE
	EndGlobalSection
	GlobalSection(ExtensibilityGlobals) = postSolution
		SolutionGuid = {3AB5C8ED-2201-4CCB-BC82-9AE766E57C78}
	EndGlobalSection
EndGlobal
