
Microsoft Visual Studio Solution File, Format Version 12.00
# Visual Studio Version 16
VisualStudioVersion = 16.0.29709.97
MinimumVisualStudioVersion = 10.0.40219.1
Project("{FAE04EC0-301F-11D3-BF4B-00C04F79EFBC}") = "CommandLineDemo", "CommandLineDemo.csproj", "{F8028405-A873-4B30-AA3B-CEC168CC8A05}"
EndProject
Global
	GlobalSection(SolutionConfigurationPlatforms) = preSolution
		Debug|Any CPU = Debug|Any CPU
		Release|Any CPU = Release|Any CPU
	EndGlobalSection
	GlobalSection(ProjectConfigurationPlatforms) = postSolution
		{F8028405-A873-4B30-AA3B-CEC168CC8A05}.Debug|Any CPU.ActiveCfg = Debug|Any CPU
		{F8028405-A873-4B30-AA3B-CEC168CC8A05}.Debug|Any CPU.Build.0 = Debug|Any CPU
		{F8028405-A873-4B30-AA3B-CEC168CC8A05}.Release|Any CPU.ActiveCfg = Release|Any CPU
		{F8028405-A873-4B30-AA3B-CEC168CC8A05}.Release|Any CPU.Build.0 = Release|Any CPU
	EndGlobalSection
	GlobalSection(SolutionProperties) = preSolution
		HideSolutionNode = FALSE
	EndGlobalSection
	GlobalSection(ExtensibilityGlobals) = postSolution
		SolutionGuid = {FAB6CE68-5911-41A5-A819-20BD5D2630EA}
	EndGlobalSection
EndGlobal
